// !$*UTF8*$!
{
	archiveVersion = 1;
	classes = {
	};
	objectVersion = 56;
	objects = {

/* Begin PBXBuildFile section */
		F702661D2BFE3FAF008A597E /* rendererApp.swift in Sources */ = {isa = PBXBuildFile; fileRef = F702661C2BFE3FAF008A597E /* rendererApp.swift */; };
		F702661F2BFE3FAF008A597E /* ContentView.swift in Sources */ = {isa = PBXBuildFile; fileRef = F702661E2BFE3FAF008A597E /* ContentView.swift */; };
		F70266212BFE3FB1008A597E /* Assets.xcassets in Resources */ = {isa = PBXBuildFile; fileRef = F70266202BFE3FB1008A597E /* Assets.xcassets */; };
		F70266252BFE3FB1008A597E /* Preview Assets.xcassets in Resources */ = {isa = PBXBuildFile; fileRef = F70266242BFE3FB1008A597E /* Preview Assets.xcassets */; };
		F702662F2BFE3FB1008A597E /* rendererTests.swift in Sources */ = {isa = PBXBuildFile; fileRef = F702662E2BFE3FB1008A597E /* rendererTests.swift */; };
		F70266392BFE3FB1008A597E /* rendererUITests.swift in Sources */ = {isa = PBXBuildFile; fileRef = F70266382BFE3FB1008A597E /* rendererUITests.swift */; };
		F702663B2BFE3FB1008A597E /* rendererUITestsLaunchTests.swift in Sources */ = {isa = PBXBuildFile; fileRef = F702663A2BFE3FB1008A597E /* rendererUITestsLaunchTests.swift */; };
		F73874142C1A4246007906F5 /* Matrix.swift in Sources */ = {isa = PBXBuildFile; fileRef = F73874132C1A4246007906F5 /* Matrix.swift */; };
		F73874182C1A5E26007906F5 /* Surface3d.swift in Sources */ = {isa = PBXBuildFile; fileRef = F73874172C1A5E26007906F5 /* Surface3d.swift */; };
		F76A27BE2C310F2900B6DE1C /* Vector2d.swift in Sources */ = {isa = PBXBuildFile; fileRef = F76A27BD2C310F2900B6DE1C /* Vector2d.swift */; };
		F76A27C02C33315600B6DE1C /* polygon.swift in Sources */ = {isa = PBXBuildFile; fileRef = F76A27BF2C33315600B6DE1C /* polygon.swift */; };
		F77D6E142C17A0F600AD6835 /* Point2d.swift in Sources */ = {isa = PBXBuildFile; fileRef = F77D6E132C17A0F600AD6835 /* Point2d.swift */; };
		F77D6E162C17A12600AD6835 /* Point3d.swift in Sources */ = {isa = PBXBuildFile; fileRef = F77D6E152C17A12600AD6835 /* Point3d.swift */; };
		F77D6E182C17A16700AD6835 /* Line.swift in Sources */ = {isa = PBXBuildFile; fileRef = F77D6E172C17A16700AD6835 /* Line.swift */; };
		F77D6E1A2C17A1A400AD6835 /* Triangle.swift in Sources */ = {isa = PBXBuildFile; fileRef = F77D6E192C17A1A400AD6835 /* Triangle.swift */; };
		F77D6E1C2C17A1C400AD6835 /* Vector3d.swift in Sources */ = {isa = PBXBuildFile; fileRef = F77D6E1B2C17A1C400AD6835 /* Vector3d.swift */; };
		F77D6E1E2C17A1DC00AD6835 /* Plane.swift in Sources */ = {isa = PBXBuildFile; fileRef = F77D6E1D2C17A1DC00AD6835 /* Plane.swift */; };
		F77D6E202C17A1F200AD6835 /* Renderer3d.swift in Sources */ = {isa = PBXBuildFile; fileRef = F77D6E1F2C17A1F200AD6835 /* Renderer3d.swift */; };
		F77D6E222C17A36500AD6835 /* Camera.swift in Sources */ = {isa = PBXBuildFile; fileRef = F77D6E212C17A36500AD6835 /* Camera.swift */; };
/* End PBXBuildFile section */

/* Begin PBXContainerItemProxy section */
		F702662B2BFE3FB1008A597E /* PBXContainerItemProxy */ = {
			isa = PBXContainerItemProxy;
			containerPortal = F70266112BFE3FAF008A597E /* Project object */;
			proxyType = 1;
			remoteGlobalIDString = F70266182BFE3FAF008A597E;
			remoteInfo = renderer;
		};
		F70266352BFE3FB1008A597E /* PBXContainerItemProxy */ = {
			isa = PBXContainerItemProxy;
			containerPortal = F70266112BFE3FAF008A597E /* Project object */;
			proxyType = 1;
			remoteGlobalIDString = F70266182BFE3FAF008A597E;
			remoteInfo = renderer;
		};
/* End PBXContainerItemProxy section */

/* Begin PBXFileReference section */
		F70266192BFE3FAF008A597E /* renderer.app */ = {isa = PBXFileReference; explicitFileType = wrapper.application; includeInIndex = 0; path = renderer.app; sourceTree = BUILT_PRODUCTS_DIR; };
		F702661C2BFE3FAF008A597E /* rendererApp.swift */ = {isa = PBXFileReference; lastKnownFileType = sourcecode.swift; path = rendererApp.swift; sourceTree = "<group>"; };
		F702661E2BFE3FAF008A597E /* ContentView.swift */ = {isa = PBXFileReference; lastKnownFileType = sourcecode.swift; path = ContentView.swift; sourceTree = "<group>"; };
		F70266202BFE3FB1008A597E /* Assets.xcassets */ = {isa = PBXFileReference; lastKnownFileType = folder.assetcatalog; path = Assets.xcassets; sourceTree = "<group>"; };
		F70266222BFE3FB1008A597E /* renderer.entitlements */ = {isa = PBXFileReference; lastKnownFileType = text.plist.entitlements; path = renderer.entitlements; sourceTree = "<group>"; };
		F70266242BFE3FB1008A597E /* Preview Assets.xcassets */ = {isa = PBXFileReference; lastKnownFileType = folder.assetcatalog; path = "Preview Assets.xcassets"; sourceTree = "<group>"; };
		F702662A2BFE3FB1008A597E /* rendererTests.xctest */ = {isa = PBXFileReference; explicitFileType = wrapper.cfbundle; includeInIndex = 0; path = rendererTests.xctest; sourceTree = BUILT_PRODUCTS_DIR; };
		F702662E2BFE3FB1008A597E /* rendererTests.swift */ = {isa = PBXFileReference; lastKnownFileType = sourcecode.swift; path = rendererTests.swift; sourceTree = "<group>"; };
		F70266342BFE3FB1008A597E /* rendererUITests.xctest */ = {isa = PBXFileReference; explicitFileType = wrapper.cfbundle; includeInIndex = 0; path = rendererUITests.xctest; sourceTree = BUILT_PRODUCTS_DIR; };
		F70266382BFE3FB1008A597E /* rendererUITests.swift */ = {isa = PBXFileReference; lastKnownFileType = sourcecode.swift; path = rendererUITests.swift; sourceTree = "<group>"; };
		F702663A2BFE3FB1008A597E /* rendererUITestsLaunchTests.swift */ = {isa = PBXFileReference; lastKnownFileType = sourcecode.swift; path = rendererUITestsLaunchTests.swift; sourceTree = "<group>"; };
		F73874132C1A4246007906F5 /* Matrix.swift */ = {isa = PBXFileReference; lastKnownFileType = sourcecode.swift; path = Matrix.swift; sourceTree = "<group>"; };
		F73874172C1A5E26007906F5 /* Surface3d.swift */ = {isa = PBXFileReference; lastKnownFileType = sourcecode.swift; path = Surface3d.swift; sourceTree = "<group>"; };
		F76A27BD2C310F2900B6DE1C /* Vector2d.swift */ = {isa = PBXFileReference; lastKnownFileType = sourcecode.swift; path = Vector2d.swift; sourceTree = "<group>"; };
		F76A27BF2C33315600B6DE1C /* polygon.swift */ = {isa = PBXFileReference; lastKnownFileType = sourcecode.swift; path = polygon.swift; sourceTree = "<group>"; };
		F77D6E132C17A0F600AD6835 /* Point2d.swift */ = {isa = PBXFileReference; lastKnownFileType = sourcecode.swift; path = Point2d.swift; sourceTree = "<group>"; };
		F77D6E152C17A12600AD6835 /* Point3d.swift */ = {isa = PBXFileReference; lastKnownFileType = sourcecode.swift; path = Point3d.swift; sourceTree = "<group>"; };
		F77D6E172C17A16700AD6835 /* Line.swift */ = {isa = PBXFileReference; lastKnownFileType = sourcecode.swift; path = Line.swift; sourceTree = "<group>"; };
		F77D6E192C17A1A400AD6835 /* Triangle.swift */ = {isa = PBXFileReference; lastKnownFileType = sourcecode.swift; path = Triangle.swift; sourceTree = "<group>"; };
		F77D6E1B2C17A1C400AD6835 /* Vector3d.swift */ = {isa = PBXFileReference; lastKnownFileType = sourcecode.swift; path = Vector3d.swift; sourceTree = "<group>"; };
		F77D6E1D2C17A1DC00AD6835 /* Plane.swift */ = {isa = PBXFileReference; lastKnownFileType = sourcecode.swift; path = Plane.swift; sourceTree = "<group>"; };
		F77D6E1F2C17A1F200AD6835 /* Renderer3d.swift */ = {isa = PBXFileReference; lastKnownFileType = sourcecode.swift; path = Renderer3d.swift; sourceTree = "<group>"; };
		F77D6E212C17A36500AD6835 /* Camera.swift */ = {isa = PBXFileReference; lastKnownFileType = sourcecode.swift; path = Camera.swift; sourceTree = "<group>"; };
		F7C20B342C19487A00B2A1AB /* Info.plist */ = {isa = PBXFileReference; lastKnownFileType = text.plist; path = Info.plist; sourceTree = "<group>"; };
/* End PBXFileReference section */

/* Begin PBXFrameworksBuildPhase section */
		F70266162BFE3FAF008A597E /* Frameworks */ = {
			isa = PBXFrameworksBuildPhase;
			buildActionMask = 2147483647;
			files = (
			);
			runOnlyForDeploymentPostprocessing = 0;
		};
		F70266272BFE3FB1008A597E /* Frameworks */ = {
			isa = PBXFrameworksBuildPhase;
			buildActionMask = 2147483647;
			files = (
			);
			runOnlyForDeploymentPostprocessing = 0;
		};
		F70266312BFE3FB1008A597E /* Frameworks */ = {
			isa = PBXFrameworksBuildPhase;
			buildActionMask = 2147483647;
			files = (
			);
			runOnlyForDeploymentPostprocessing = 0;
		};
/* End PBXFrameworksBuildPhase section */

/* Begin PBXGroup section */
		F70266102BFE3FAF008A597E = {
			isa = PBXGroup;
			children = (
				F702661B2BFE3FAF008A597E /* renderer */,
				F702662D2BFE3FB1008A597E /* rendererTests */,
				F70266372BFE3FB1008A597E /* rendererUITests */,
				F702661A2BFE3FAF008A597E /* Products */,
			);
			sourceTree = "<group>";
		};
		F702661A2BFE3FAF008A597E /* Products */ = {
			isa = PBXGroup;
			children = (
				F70266192BFE3FAF008A597E /* renderer.app */,
				F702662A2BFE3FB1008A597E /* rendererTests.xctest */,
				F70266342BFE3FB1008A597E /* rendererUITests.xctest */,
			);
			name = Products;
			sourceTree = "<group>";
		};
		F702661B2BFE3FAF008A597E /* renderer */ = {
			isa = PBXGroup;
			children = (
				F73874162C1A5DF5007906F5 /* geometry */,
				F73874152C1A5DB9007906F5 /* math */,
				F7C20B342C19487A00B2A1AB /* Info.plist */,
				F702661C2BFE3FAF008A597E /* rendererApp.swift */,
				F702661E2BFE3FAF008A597E /* ContentView.swift */,
				F70266202BFE3FB1008A597E /* Assets.xcassets */,
				F70266222BFE3FB1008A597E /* renderer.entitlements */,
				F70266232BFE3FB1008A597E /* Preview Content */,
				F77D6E1F2C17A1F200AD6835 /* Renderer3d.swift */,
				F77D6E212C17A36500AD6835 /* Camera.swift */,
			);
			path = renderer;
			sourceTree = "<group>";
		};
		F70266232BFE3FB1008A597E /* Preview Content */ = {
			isa = PBXGroup;
			children = (
				F70266242BFE3FB1008A597E /* Preview Assets.xcassets */,
			);
			path = "Preview Content";
			sourceTree = "<group>";
		};
		F702662D2BFE3FB1008A597E /* rendererTests */ = {
			isa = PBXGroup;
			children = (
				F702662E2BFE3FB1008A597E /* rendererTests.swift */,
			);
			path = rendererTests;
			sourceTree = "<group>";
		};
		F70266372BFE3FB1008A597E /* rendererUITests */ = {
			isa = PBXGroup;
			children = (
				F70266382BFE3FB1008A597E /* rendererUITests.swift */,
				F702663A2BFE3FB1008A597E /* rendererUITestsLaunchTests.swift */,
			);
			path = rendererUITests;
			sourceTree = "<group>";
		};
		F73874152C1A5DB9007906F5 /* math */ = {
			isa = PBXGroup;
			children = (
				F73874132C1A4246007906F5 /* Matrix.swift */,
				F77D6E1B2C17A1C400AD6835 /* Vector3d.swift */,
				F76A27BD2C310F2900B6DE1C /* Vector2d.swift */,
			);
			path = math;
			sourceTree = "<group>";
		};
		F73874162C1A5DF5007906F5 /* geometry */ = {
			isa = PBXGroup;
			children = (
				F77D6E132C17A0F600AD6835 /* Point2d.swift */,
				F77D6E152C17A12600AD6835 /* Point3d.swift */,
				F77D6E172C17A16700AD6835 /* Line.swift */,
				F77D6E192C17A1A400AD6835 /* Triangle.swift */,
				F77D6E1D2C17A1DC00AD6835 /* Plane.swift */,
				F73874172C1A5E26007906F5 /* Surface3d.swift */,
				F76A27BF2C33315600B6DE1C /* polygon.swift */,
			);
			path = geometry;
			sourceTree = "<group>";
		};
/* End PBXGroup section */

/* Begin PBXNativeTarget section */
		F70266182BFE3FAF008A597E /* renderer */ = {
			isa = PBXNativeTarget;
			buildConfigurationList = F702663E2BFE3FB1008A597E /* Build configuration list for PBXNativeTarget "renderer" */;
			buildPhases = (
				F70266152BFE3FAF008A597E /* Sources */,
				F70266162BFE3FAF008A597E /* Frameworks */,
				F70266172BFE3FAF008A597E /* Resources */,
			);
			buildRules = (
			);
			dependencies = (
			);
			name = renderer;
			productName = renderer;
			productReference = F70266192BFE3FAF008A597E /* renderer.app */;
			productType = "com.apple.product-type.application";
		};
		F70266292BFE3FB1008A597E /* rendererTests */ = {
			isa = PBXNativeTarget;
			buildConfigurationList = F70266412BFE3FB1008A597E /* Build configuration list for PBXNativeTarget "rendererTests" */;
			buildPhases = (
				F70266262BFE3FB1008A597E /* Sources */,
				F70266272BFE3FB1008A597E /* Frameworks */,
				F70266282BFE3FB1008A597E /* Resources */,
			);
			buildRules = (
			);
			dependencies = (
				F702662C2BFE3FB1008A597E /* PBXTargetDependency */,
			);
			name = rendererTests;
			productName = rendererTests;
			productReference = F702662A2BFE3FB1008A597E /* rendererTests.xctest */;
			productType = "com.apple.product-type.bundle.unit-test";
		};
		F70266332BFE3FB1008A597E /* rendererUITests */ = {
			isa = PBXNativeTarget;
			buildConfigurationList = F70266442BFE3FB1008A597E /* Build configuration list for PBXNativeTarget "rendererUITests" */;
			buildPhases = (
				F70266302BFE3FB1008A597E /* Sources */,
				F70266312BFE3FB1008A597E /* Frameworks */,
				F70266322BFE3FB1008A597E /* Resources */,
			);
			buildRules = (
			);
			dependencies = (
				F70266362BFE3FB1008A597E /* PBXTargetDependency */,
			);
			name = rendererUITests;
			productName = rendererUITests;
			productReference = F70266342BFE3FB1008A597E /* rendererUITests.xctest */;
			productType = "com.apple.product-type.bundle.ui-testing";
		};
/* End PBXNativeTarget section */

/* Begin PBXProject section */
		F70266112BFE3FAF008A597E /* Project object */ = {
			isa = PBXProject;
			attributes = {
				BuildIndependentTargetsInParallel = 1;
				LastSwiftUpdateCheck = 1510;
				LastUpgradeCheck = 1510;
				TargetAttributes = {
					F70266182BFE3FAF008A597E = {
						CreatedOnToolsVersion = 15.1;
					};
					F70266292BFE3FB1008A597E = {
						CreatedOnToolsVersion = 15.1;
						TestTargetID = F70266182BFE3FAF008A597E;
					};
					F70266332BFE3FB1008A597E = {
						CreatedOnToolsVersion = 15.1;
						TestTargetID = F70266182BFE3FAF008A597E;
					};
				};
			};
			buildConfigurationList = F70266142BFE3FAF008A597E /* Build configuration list for PBXProject "renderer" */;
			compatibilityVersion = "Xcode 14.0";
			developmentRegion = en;
			hasScannedForEncodings = 0;
			knownRegions = (
				en,
				Base,
			);
			mainGroup = F70266102BFE3FAF008A597E;
			productRefGroup = F702661A2BFE3FAF008A597E /* Products */;
			projectDirPath = "";
			projectRoot = "";
			targets = (
				F70266182BFE3FAF008A597E /* renderer */,
				F70266292BFE3FB1008A597E /* rendererTests */,
				F70266332BFE3FB1008A597E /* rendererUITests */,
			);
		};
/* End PBXProject section */

/* Begin PBXResourcesBuildPhase section */
		F70266172BFE3FAF008A597E /* Resources */ = {
			isa = PBXResourcesBuildPhase;
			buildActionMask = 2147483647;
			files = (
				F70266252BFE3FB1008A597E /* Preview Assets.xcassets in Resources */,
				F70266212BFE3FB1008A597E /* Assets.xcassets in Resources */,
			);
			runOnlyForDeploymentPostprocessing = 0;
		};
		F70266282BFE3FB1008A597E /* Resources */ = {
			isa = PBXResourcesBuildPhase;
			buildActionMask = 2147483647;
			files = (
			);
			runOnlyForDeploymentPostprocessing = 0;
		};
		F70266322BFE3FB1008A597E /* Resources */ = {
			isa = PBXResourcesBuildPhase;
			buildActionMask = 2147483647;
			files = (
			);
			runOnlyForDeploymentPostprocessing = 0;
		};
/* End PBXResourcesBuildPhase section */

/* Begin PBXSourcesBuildPhase section */
		F70266152BFE3FAF008A597E /* Sources */ = {
			isa = PBXSourcesBuildPhase;
			buildActionMask = 2147483647;
			files = (
				F77D6E1C2C17A1C400AD6835 /* Vector3d.swift in Sources */,
				F702661F2BFE3FAF008A597E /* ContentView.swift in Sources */,
				F77D6E162C17A12600AD6835 /* Point3d.swift in Sources */,
				F77D6E142C17A0F600AD6835 /* Point2d.swift in Sources */,
				F77D6E1A2C17A1A400AD6835 /* Triangle.swift in Sources */,
				F73874142C1A4246007906F5 /* Matrix.swift in Sources */,
				F702661D2BFE3FAF008A597E /* rendererApp.swift in Sources */,
				F77D6E222C17A36500AD6835 /* Camera.swift in Sources */,
				F77D6E1E2C17A1DC00AD6835 /* Plane.swift in Sources */,
				F77D6E202C17A1F200AD6835 /* Renderer3d.swift in Sources */,
				F73874182C1A5E26007906F5 /* Surface3d.swift in Sources */,
				F76A27BE2C310F2900B6DE1C /* Vector2d.swift in Sources */,
				F76A27C02C33315600B6DE1C /* polygon.swift in Sources */,
				F77D6E182C17A16700AD6835 /* Line.swift in Sources */,
			);
			runOnlyForDeploymentPostprocessing = 0;
		};
		F70266262BFE3FB1008A597E /* Sources */ = {
			isa = PBXSourcesBuildPhase;
			buildActionMask = 2147483647;
			files = (
				F702662F2BFE3FB1008A597E /* rendererTests.swift in Sources */,
			);
			runOnlyForDeploymentPostprocessing = 0;
		};
		F70266302BFE3FB1008A597E /* Sources */ = {
			isa = PBXSourcesBuildPhase;
			buildActionMask = 2147483647;
			files = (
				F702663B2BFE3FB1008A597E /* rendererUITestsLaunchTests.swift in Sources */,
				F70266392BFE3FB1008A597E /* rendererUITests.swift in Sources */,
			);
			runOnlyForDeploymentPostprocessing = 0;
		};
/* End PBXSourcesBuildPhase section */

/* Begin PBXTargetDependency section */
		F702662C2BFE3FB1008A597E /* PBXTargetDependency */ = {
			isa = PBXTargetDependency;
			target = F70266182BFE3FAF008A597E /* renderer */;
			targetProxy = F702662B2BFE3FB1008A597E /* PBXContainerItemProxy */;
		};
		F70266362BFE3FB1008A597E /* PBXTargetDependency */ = {
			isa = PBXTargetDependency;
			target = F70266182BFE3FAF008A597E /* renderer */;
			targetProxy = F70266352BFE3FB1008A597E /* PBXContainerItemProxy */;
		};
/* End PBXTargetDependency section */

/* Begin XCBuildConfiguration section */
		F702663C2BFE3FB1008A597E /* Debug */ = {
			isa = XCBuildConfiguration;
			buildSettings = {
				ALWAYS_SEARCH_USER_PATHS = NO;
				ASSETCATALOG_COMPILER_GENERATE_SWIFT_ASSET_SYMBOL_EXTENSIONS = YES;
				CLANG_ANALYZER_NONNULL = YES;
				CLANG_ANALYZER_NUMBER_OBJECT_CONVERSION = YES_AGGRESSIVE;
				CLANG_CXX_LANGUAGE_STANDARD = "gnu++20";
				CLANG_ENABLE_MODULES = YES;
				CLANG_ENABLE_OBJC_ARC = YES;
				CLANG_ENABLE_OBJC_WEAK = YES;
				CLANG_WARN_BLOCK_CAPTURE_AUTORELEASING = YES;
				CLANG_WARN_BOOL_CONVERSION = YES;
				CLANG_WARN_COMMA = YES;
				CLANG_WARN_CONSTANT_CONVERSION = YES;
				CLANG_WARN_DEPRECATED_OBJC_IMPLEMENTATIONS = YES;
				CLANG_WARN_DIRECT_OBJC_ISA_USAGE = YES_ERROR;
				CLANG_WARN_DOCUMENTATION_COMMENTS = YES;
				CLANG_WARN_EMPTY_BODY = YES;
				CLANG_WARN_ENUM_CONVERSION = YES;
				CLANG_WARN_INFINITE_RECURSION = YES;
				CLANG_WARN_INT_CONVERSION = YES;
				CLANG_WARN_NON_LITERAL_NULL_CONVERSION = YES;
				CLANG_WARN_OBJC_IMPLICIT_RETAIN_SELF = YES;
				CLANG_WARN_OBJC_LITERAL_CONVERSION = YES;
				CLANG_WARN_OBJC_ROOT_CLASS = YES_ERROR;
				CLANG_WARN_QUOTED_INCLUDE_IN_FRAMEWORK_HEADER = YES;
				CLANG_WARN_RANGE_LOOP_ANALYSIS = YES;
				CLANG_WARN_STRICT_PROTOTYPES = YES;
				CLANG_WARN_SUSPICIOUS_MOVE = YES;
				CLANG_WARN_UNGUARDED_AVAILABILITY = YES_AGGRESSIVE;
				CLANG_WARN_UNREACHABLE_CODE = YES;
				CLANG_WARN__DUPLICATE_METHOD_MATCH = YES;
				COPY_PHASE_STRIP = NO;
				DEBUG_INFORMATION_FORMAT = dwarf;
				ENABLE_STRICT_OBJC_MSGSEND = YES;
				ENABLE_TESTABILITY = YES;
				ENABLE_USER_SCRIPT_SANDBOXING = YES;
				GCC_C_LANGUAGE_STANDARD = gnu17;
				GCC_DYNAMIC_NO_PIC = NO;
				GCC_NO_COMMON_BLOCKS = YES;
				GCC_OPTIMIZATION_LEVEL = 0;
				GCC_PREPROCESSOR_DEFINITIONS = (
					"DEBUG=1",
					"$(inherited)",
				);
				GCC_WARN_64_TO_32_BIT_CONVERSION = YES;
				GCC_WARN_ABOUT_RETURN_TYPE = YES_ERROR;
				GCC_WARN_UNDECLARED_SELECTOR = YES;
				GCC_WARN_UNINITIALIZED_AUTOS = YES_AGGRESSIVE;
				GCC_WARN_UNUSED_FUNCTION = YES;
				GCC_WARN_UNUSED_VARIABLE = YES;
				LOCALIZATION_PREFERS_STRING_CATALOGS = YES;
				MTL_ENABLE_DEBUG_INFO = INCLUDE_SOURCE;
				MTL_FAST_MATH = YES;
				ONLY_ACTIVE_ARCH = YES;
				SWIFT_ACTIVE_COMPILATION_CONDITIONS = "DEBUG $(inherited)";
				SWIFT_OPTIMIZATION_LEVEL = "-Onone";
			};
			name = Debug;
		};
		F702663D2BFE3FB1008A597E /* Release */ = {
			isa = XCBuildConfiguration;
			buildSettings = {
				ALWAYS_SEARCH_USER_PATHS = NO;
				ASSETCATALOG_COMPILER_GENERATE_SWIFT_ASSET_SYMBOL_EXTENSIONS = YES;
				CLANG_ANALYZER_NONNULL = YES;
				CLANG_ANALYZER_NUMBER_OBJECT_CONVERSION = YES_AGGRESSIVE;
				CLANG_CXX_LANGUAGE_STANDARD = "gnu++20";
				CLANG_ENABLE_MODULES = YES;
				CLANG_ENABLE_OBJC_ARC = YES;
				CLANG_ENABLE_OBJC_WEAK = YES;
				CLANG_WARN_BLOCK_CAPTURE_AUTORELEASING = YES;
				CLANG_WARN_BOOL_CONVERSION = YES;
				CLANG_WARN_COMMA = YES;
				CLANG_WARN_CONSTANT_CONVERSION = YES;
				CLANG_WARN_DEPRECATED_OBJC_IMPLEMENTATIONS = YES;
				CLANG_WARN_DIRECT_OBJC_ISA_USAGE = YES_ERROR;
				CLANG_WARN_DOCUMENTATION_COMMENTS = YES;
				CLANG_WARN_EMPTY_BODY = YES;
				CLANG_WARN_ENUM_CONVERSION = YES;
				CLANG_WARN_INFINITE_RECURSION = YES;
				CLANG_WARN_INT_CONVERSION = YES;
				CLANG_WARN_NON_LITERAL_NULL_CONVERSION = YES;
				CLANG_WARN_OBJC_IMPLICIT_RETAIN_SELF = YES;
				CLANG_WARN_OBJC_LITERAL_CONVERSION = YES;
				CLANG_WARN_OBJC_ROOT_CLASS = YES_ERROR;
				CLANG_WARN_QUOTED_INCLUDE_IN_FRAMEWORK_HEADER = YES;
				CLANG_WARN_RANGE_LOOP_ANALYSIS = YES;
				CLANG_WARN_STRICT_PROTOTYPES = YES;
				CLANG_WARN_SUSPICIOUS_MOVE = YES;
				CLANG_WARN_UNGUARDED_AVAILABILITY = YES_AGGRESSIVE;
				CLANG_WARN_UNREACHABLE_CODE = YES;
				CLANG_WARN__DUPLICATE_METHOD_MATCH = YES;
				COPY_PHASE_STRIP = NO;
				DEBUG_INFORMATION_FORMAT = "dwarf-with-dsym";
				ENABLE_NS_ASSERTIONS = NO;
				ENABLE_STRICT_OBJC_MSGSEND = YES;
				ENABLE_USER_SCRIPT_SANDBOXING = YES;
				GCC_C_LANGUAGE_STANDARD = gnu17;
				GCC_NO_COMMON_BLOCKS = YES;
				GCC_WARN_64_TO_32_BIT_CONVERSION = YES;
				GCC_WARN_ABOUT_RETURN_TYPE = YES_ERROR;
				GCC_WARN_UNDECLARED_SELECTOR = YES;
				GCC_WARN_UNINITIALIZED_AUTOS = YES_AGGRESSIVE;
				GCC_WARN_UNUSED_FUNCTION = YES;
				GCC_WARN_UNUSED_VARIABLE = YES;
				LOCALIZATION_PREFERS_STRING_CATALOGS = YES;
				MTL_ENABLE_DEBUG_INFO = NO;
				MTL_FAST_MATH = YES;
				SWIFT_COMPILATION_MODE = wholemodule;
			};
			name = Release;
		};
		F702663F2BFE3FB1008A597E /* Debug */ = {
			isa = XCBuildConfiguration;
			buildSettings = {
				ASSETCATALOG_COMPILER_APPICON_NAME = AppIcon;
				ASSETCATALOG_COMPILER_GLOBAL_ACCENT_COLOR_NAME = AccentColor;
				ASSETCATALOG_COMPILER_INCLUDE_ALL_APPICON_ASSETS = YES;
				CODE_SIGN_ENTITLEMENTS = renderer/renderer.entitlements;
				CODE_SIGN_STYLE = Automatic;
				CURRENT_PROJECT_VERSION = 1;
				DEVELOPMENT_ASSET_PATHS = "\"renderer/Preview Content\"";
				DEVELOPMENT_TEAM = 6A822LVYM9;
				ENABLE_PREVIEWS = YES;
				GENERATE_INFOPLIST_FILE = YES;
				INFOPLIST_FILE = renderer/Info.plist;
				"INFOPLIST_KEY_UIApplicationSceneManifest_Generation[sdk=iphoneos*]" = YES;
				"INFOPLIST_KEY_UIApplicationSceneManifest_Generation[sdk=iphonesimulator*]" = YES;
				"INFOPLIST_KEY_UIApplicationSupportsIndirectInputEvents[sdk=iphoneos*]" = YES;
				"INFOPLIST_KEY_UIApplicationSupportsIndirectInputEvents[sdk=iphonesimulator*]" = YES;
				"INFOPLIST_KEY_UILaunchScreen_Generation[sdk=iphoneos*]" = YES;
				"INFOPLIST_KEY_UILaunchScreen_Generation[sdk=iphonesimulator*]" = YES;
				"INFOPLIST_KEY_UIStatusBarStyle[sdk=iphoneos*]" = UIStatusBarStyleDefault;
				"INFOPLIST_KEY_UIStatusBarStyle[sdk=iphonesimulator*]" = UIStatusBarStyleDefault;
				INFOPLIST_KEY_UISupportedInterfaceOrientations_iPad = "UIInterfaceOrientationPortrait UIInterfaceOrientationPortraitUpsideDown UIInterfaceOrientationLandscapeLeft UIInterfaceOrientationLandscapeRight";
				INFOPLIST_KEY_UISupportedInterfaceOrientations_iPhone = "UIInterfaceOrientationPortrait UIInterfaceOrientationLandscapeLeft UIInterfaceOrientationLandscapeRight";
				IPHONEOS_DEPLOYMENT_TARGET = 17.2;
				LD_RUNPATH_SEARCH_PATHS = "@executable_path/Frameworks";
				"LD_RUNPATH_SEARCH_PATHS[sdk=macosx*]" = "@executable_path/../Frameworks";
				MACOSX_DEPLOYMENT_TARGET = 14.2;
				MARKETING_VERSION = 1.0;
				PRODUCT_BUNDLE_IDENTIFIER = jamesTests.renderer;
				PRODUCT_NAME = "$(TARGET_NAME)";
				SDKROOT = auto;
				SUPPORTED_PLATFORMS = "iphoneos iphonesimulator macosx";
				SWIFT_EMIT_LOC_STRINGS = YES;
				SWIFT_VERSION = 5.0;
				TARGETED_DEVICE_FAMILY = "1,2";
			};
			name = Debug;
		};
		F70266402BFE3FB1008A597E /* Release */ = {
			isa = XCBuildConfiguration;
			buildSettings = {
				ASSETCATALOG_COMPILER_APPICON_NAME = AppIcon;
				ASSETCATALOG_COMPILER_GLOBAL_ACCENT_COLOR_NAME = AccentColor;
				ASSETCATALOG_COMPILER_INCLUDE_ALL_APPICON_ASSETS = YES;
				CODE_SIGN_ENTITLEMENTS = renderer/renderer.entitlements;
				CODE_SIGN_STYLE = Automatic;
				CURRENT_PROJECT_VERSION = 1;
				DEVELOPMENT_ASSET_PATHS = "\"renderer/Preview Content\"";
				DEVELOPMENT_TEAM = 6A822LVYM9;
				ENABLE_PREVIEWS = YES;
				GENERATE_INFOPLIST_FILE = YES;
				INFOPLIST_FILE = renderer/Info.plist;
				"INFOPLIST_KEY_UIApplicationSceneManifest_Generation[sdk=iphoneos*]" = YES;
				"INFOPLIST_KEY_UIApplicationSceneManifest_Generation[sdk=iphonesimulator*]" = YES;
				"INFOPLIST_KEY_UIApplicationSupportsIndirectInputEvents[sdk=iphoneos*]" = YES;
				"INFOPLIST_KEY_UIApplicationSupportsIndirectInputEvents[sdk=iphonesimulator*]" = YES;
				"INFOPLIST_KEY_UILaunchScreen_Generation[sdk=iphoneos*]" = YES;
				"INFOPLIST_KEY_UILaunchScreen_Generation[sdk=iphonesimulator*]" = YES;
				"INFOPLIST_KEY_UIStatusBarStyle[sdk=iphoneos*]" = UIStatusBarStyleDefault;
				"INFOPLIST_KEY_UIStatusBarStyle[sdk=iphonesimulator*]" = UIStatusBarStyleDefault;
				INFOPLIST_KEY_UISupportedInterfaceOrientations_iPad = "UIInterfaceOrientationPortrait UIInterfaceOrientationPortraitUpsideDown UIInterfaceOrientationLandscapeLeft UIInterfaceOrientationLandscapeRight";
				INFOPLIST_KEY_UISupportedInterfaceOrientations_iPhone = "UIInterfaceOrientationPortrait UIInterfaceOrientationLandscapeLeft UIInterfaceOrientationLandscapeRight";
				IPHONEOS_DEPLOYMENT_TARGET = 17.2;
				LD_RUNPATH_SEARCH_PATHS = "@executable_path/Frameworks";
				"LD_RUNPATH_SEARCH_PATHS[sdk=macosx*]" = "@executable_path/../Frameworks";
				MACOSX_DEPLOYMENT_TARGET = 14.2;
				MARKETING_VERSION = 1.0;
				PRODUCT_BUNDLE_IDENTIFIER = jamesTests.renderer;
				PRODUCT_NAME = "$(TARGET_NAME)";
				SDKROOT = auto;
				SUPPORTED_PLATFORMS = "iphoneos iphonesimulator macosx";
				SWIFT_EMIT_LOC_STRINGS = YES;
				SWIFT_VERSION = 5.0;
				TARGETED_DEVICE_FAMILY = "1,2";
			};
			name = Release;
		};
		F70266422BFE3FB1008A597E /* Debug */ = {
			isa = XCBuildConfiguration;
			buildSettings = {
				ALWAYS_EMBED_SWIFT_STANDARD_LIBRARIES = YES;
				BUNDLE_LOADER = "$(TEST_HOST)";
				CODE_SIGN_STYLE = Automatic;
				CURRENT_PROJECT_VERSION = 1;
				GENERATE_INFOPLIST_FILE = YES;
				IPHONEOS_DEPLOYMENT_TARGET = 17.2;
				MACOSX_DEPLOYMENT_TARGET = 14.2;
				MARKETING_VERSION = 1.0;
				PRODUCT_BUNDLE_IDENTIFIER = jamesTests.rendererTests;
				PRODUCT_NAME = "$(TARGET_NAME)";
				SDKROOT = auto;
				SUPPORTED_PLATFORMS = "iphoneos iphonesimulator macosx";
				SWIFT_EMIT_LOC_STRINGS = NO;
				SWIFT_VERSION = 5.0;
				TARGETED_DEVICE_FAMILY = "1,2";
				TEST_HOST = "$(BUILT_PRODUCTS_DIR)/renderer.app/$(BUNDLE_EXECUTABLE_FOLDER_PATH)/renderer";
			};
			name = Debug;
		};
		F70266432BFE3FB1008A597E /* Release */ = {
			isa = XCBuildConfiguration;
			buildSettings = {
				ALWAYS_EMBED_SWIFT_STANDARD_LIBRARIES = YES;
				BUNDLE_LOADER = "$(TEST_HOST)";
				CODE_SIGN_STYLE = Automatic;
				CURRENT_PROJECT_VERSION = 1;
				GENERATE_INFOPLIST_FILE = YES;
				IPHONEOS_DEPLOYMENT_TARGET = 17.2;
				MACOSX_DEPLOYMENT_TARGET = 14.2;
				MARKETING_VERSION = 1.0;
				PRODUCT_BUNDLE_IDENTIFIER = jamesTests.rendererTests;
				PRODUCT_NAME = "$(TARGET_NAME)";
				SDKROOT = auto;
				SUPPORTED_PLATFORMS = "iphoneos iphonesimulator macosx";
				SWIFT_EMIT_LOC_STRINGS = NO;
				SWIFT_VERSION = 5.0;
				TARGETED_DEVICE_FAMILY = "1,2";
				TEST_HOST = "$(BUILT_PRODUCTS_DIR)/renderer.app/$(BUNDLE_EXECUTABLE_FOLDER_PATH)/renderer";
			};
			name = Release;
		};
		F70266452BFE3FB1008A597E /* Debug */ = {
			isa = XCBuildConfiguration;
			buildSettings = {
				ALWAYS_EMBED_SWIFT_STANDARD_LIBRARIES = YES;
				CODE_SIGN_STYLE = Automatic;
				CURRENT_PROJECT_VERSION = 1;
				GENERATE_INFOPLIST_FILE = YES;
				IPHONEOS_DEPLOYMENT_TARGET = 17.2;
				MACOSX_DEPLOYMENT_TARGET = 14.2;
				MARKETING_VERSION = 1.0;
				PRODUCT_BUNDLE_IDENTIFIER = jamesTests.rendererUITests;
				PRODUCT_NAME = "$(TARGET_NAME)";
				SDKROOT = auto;
				SUPPORTED_PLATFORMS = "iphoneos iphonesimulator macosx";
				SWIFT_EMIT_LOC_STRINGS = NO;
				SWIFT_VERSION = 5.0;
				TARGETED_DEVICE_FAMILY = "1,2";
				TEST_TARGET_NAME = renderer;
			};
			name = Debug;
		};
		F70266462BFE3FB1008A597E /* Release */ = {
			isa = XCBuildConfiguration;
			buildSettings = {
				ALWAYS_EMBED_SWIFT_STANDARD_LIBRARIES = YES;
				CODE_SIGN_STYLE = Automatic;
				CURRENT_PROJECT_VERSION = 1;
				GENERATE_INFOPLIST_FILE = YES;
				IPHONEOS_DEPLOYMENT_TARGET = 17.2;
				MACOSX_DEPLOYMENT_TARGET = 14.2;
				MARKETING_VERSION = 1.0;
				PRODUCT_BUNDLE_IDENTIFIER = jamesTests.rendererUITests;
				PRODUCT_NAME = "$(TARGET_NAME)";
				SDKROOT = auto;
				SUPPORTED_PLATFORMS = "iphoneos iphonesimulator macosx";
				SWIFT_EMIT_LOC_STRINGS = NO;
				SWIFT_VERSION = 5.0;
				TARGETED_DEVICE_FAMILY = "1,2";
				TEST_TARGET_NAME = renderer;
			};
			name = Release;
		};
/* End XCBuildConfiguration section */

/* Begin XCConfigurationList section */
		F70266142BFE3FAF008A597E /* Build configuration list for PBXProject "renderer" */ = {
			isa = XCConfigurationList;
			buildConfigurations = (
				F702663C2BFE3FB1008A597E /* Debug */,
				F702663D2BFE3FB1008A597E /* Release */,
			);
			defaultConfigurationIsVisible = 0;
			defaultConfigurationName = Release;
		};
		F702663E2BFE3FB1008A597E /* Build configuration list for PBXNativeTarget "renderer" */ = {
			isa = XCConfigurationList;
			buildConfigurations = (
				F702663F2BFE3FB1008A597E /* Debug */,
				F70266402BFE3FB1008A597E /* Release */,
			);
			defaultConfigurationIsVisible = 0;
			defaultConfigurationName = Release;
		};
		F70266412BFE3FB1008A597E /* Build configuration list for PBXNativeTarget "rendererTests" */ = {
			isa = XCConfigurationList;
			buildConfigurations = (
				F70266422BFE3FB1008A597E /* Debug */,
				F70266432BFE3FB1008A597E /* Release */,
			);
			defaultConfigurationIsVisible = 0;
			defaultConfigurationName = Release;
		};
		F70266442BFE3FB1008A597E /* Build configuration list for PBXNativeTarget "rendererUITests" */ = {
			isa = XCConfigurationList;
			buildConfigurations = (
				F70266452BFE3FB1008A597E /* Debug */,
				F70266462BFE3FB1008A597E /* Release */,
			);
			defaultConfigurationIsVisible = 0;
			defaultConfigurationName = Release;
		};
/* End XCConfigurationList section */
	};
	rootObject = F70266112BFE3FAF008A597E /* Project object */;
}
